# This file is automatically @generated by Poetry 2.1.3 and should not be changed by hand.

[[package]]
name = "simple-term-menu"
version = "1.6.6"
description = "A Python package which creates simple interactive menus on the command line."
optional = false
python-versions = "~=3.5"
groups = ["main"]
files = [
    {file = "simple_term_menu-1.6.6-py3-none-any.whl", hash = "sha256:c2a869efa7a9f7e4a9c25858b42ca6974034951c137d5e281f5339b06ed8c9c2"},
    {file = "simple_term_menu-1.6.6.tar.gz", hash = "sha256:9813d36f5749d62d200a5599b1ec88469c71378312adc084c00c00bfbb383893"},
]

[metadata]
lock-version = "2.1"
python-versions = "^3.12"
content-hash = "fc49d77769a5cc05d801b107de6d4dd6c51a8515c53f901a490e2074acd38de1"
