version = 1
revision = 2
requires-python = ">=3.12"

[[package]]
name = "claudebg"
version = "0.1.0"
source = { editable = "." }
dependencies = [
    { name = "simple-term-menu" },
]

[package.metadata]
requires-dist = [{ name = "simple-term-menu", specifier = ">=1.6.6" }]

[[package]]
name = "simple-term-menu"
version = "1.6.6"
source = { registry = "https://pypi.org/simple" }
sdist = { url = "https://files.pythonhosted.org/packages/d8/80/f0f10b4045628645a841d3d98b584a8699005ee03a211fc7c45f6c6f0e99/simple_term_menu-1.6.6.tar.gz", hash = "sha256:9813d36f5749d62d200a5599b1ec88469c71378312adc084c00c00bfbb383893", size = 35493, upload-time = "2024-12-02T16:31:50.639Z" }
wheels = [
    { url = "https://files.pythonhosted.org/packages/9c/09/21d993e394c1fe5c44cd90453d88ed44932da8dfca006e424c072d77d29b/simple_term_menu-1.6.6-py3-none-any.whl", hash = "sha256:c2a869efa7a9f7e4a9c25858b42ca6974034951c137d5e281f5339b06ed8c9c2", size = 27600, upload-time = "2024-12-02T16:31:48.934Z" },
]
